
Microsoft Visual Studio Solution File, Format Version 12.00
# Visual Studio Version 17
VisualStudioVersion = 17.0.31710.8
MinimumVisualStudioVersion = 10.0.40219.1
Project("{2150E333-8FDC-42A3-9474-1A3956D46DE8}") = "src", "src", "{85F70A23-C02F-4894-94BB-B9AA67B7813B}"
EndProject
Project("{2150E333-8FDC-42A3-9474-1A3956D46DE8}") = "Tests", "Tests", "{F3CBDAD3-D41A-4565-A8CA-5CFEC25BC467}"
EndProject
Project("{9A19103F-16F7-4668-BE54-9A1E7A4F7556}") = "BGD.User.Entities", "BGD.User.Entities\BGD.User.Entities.csproj", "{70F1FBA3-62BB-44AA-B941-DC06BA533F67}"
EndProject
Project("{9A19103F-16F7-4668-BE54-9A1E7A4F7556}") = "BGD.User.Entities.Dapper", "BGD.User.Entities.Dapper\BGD.User.Entities.Dapper.csproj", "{490CDDC7-61E2-412E-8188-9AD9690ED37A}"
EndProject
Project("{9A19103F-16F7-4668-BE54-9A1E7A4F7556}") = "BGD.User.Repository", "BGD.User.Repository\BGD.User.Repository.csproj", "{65E651D2-E10A-4324-8BC5-0C9EC6861AD3}"
EndProject
Project("{9A19103F-16F7-4668-BE54-9A1E7A4F7556}") = "BGD.User.Repository.Mongo", "BGD.User.Repository.Mongo\BGD.User.Repository.Mongo.csproj", "{678D49D9-2EC6-425E-BD3B-885DC0930854}"
EndProject
Project("{9A19103F-16F7-4668-BE54-9A1E7A4F7556}") = "BGD.User.Repository.Postgres", "BGD.User.Repository.Postgres\BGD.User.Repository.Postgres.csproj", "{39F8D61E-EE0B-422E-96A7-896A6358F04F}"
EndProject
Project("{9A19103F-16F7-4668-BE54-9A1E7A4F7556}") = "BGD.User.Tests", "BGD.User.Tests\BGD.User.Tests.csproj", "{84FDD1B6-23F4-42D4-BF19-13CC38729B01}"
EndProject
Project("{9A19103F-16F7-4668-BE54-9A1E7A4F7556}") = "BGD.User.Services", "BGD.User.Services\BGD.User.Services.csproj", "{E7B07DAA-3FC9-4C39-92D6-22E3CBC859F1}"
EndProject
Project("{9A19103F-16F7-4668-BE54-9A1E7A4F7556}") = "BGD.User.Repository.Dapper.Postgres", "BGD.User.Repository.Dapper\BGD.User.Repository.Dapper.Postgres.csproj", "{896B90B1-21C6-40C7-8F76-8A709DDA4C35}"
EndProject
Project("{FAE04EC0-301F-11D3-BF4B-00C04F79EFBC}") = "BGD.User.API", "BGD.User.APII\BGD.User.API\BGD.User.API.csproj", "{89C20C48-02FF-42D5-9FD8-E1EEA88475A7}"
EndProject
Project("{9A19103F-16F7-4668-BE54-9A1E7A4F7556}") = "BGD.Common.Enviroment", "BGD.Common.Enviroment\BGD.Common.Enviroment.csproj", "{7AF70221-7B28-460A-9D3A-B51D022C2C17}"
EndProject
Global
	GlobalSection(SolutionConfigurationPlatforms) = preSolution
		Debug|Any CPU = Debug|Any CPU
		Release|Any CPU = Release|Any CPU
	EndGlobalSection
	GlobalSection(ProjectConfigurationPlatforms) = postSolution
		{70F1FBA3-62BB-44AA-B941-DC06BA533F67}.Debug|Any CPU.ActiveCfg = Debug|Any CPU
		{70F1FBA3-62BB-44AA-B941-DC06BA533F67}.Debug|Any CPU.Build.0 = Debug|Any CPU
		{70F1FBA3-62BB-44AA-B941-DC06BA533F67}.Release|Any CPU.ActiveCfg = Release|Any CPU
		{70F1FBA3-62BB-44AA-B941-DC06BA533F67}.Release|Any CPU.Build.0 = Release|Any CPU
		{490CDDC7-61E2-412E-8188-9AD9690ED37A}.Debug|Any CPU.ActiveCfg = Debug|Any CPU
		{490CDDC7-61E2-412E-8188-9AD9690ED37A}.Debug|Any CPU.Build.0 = Debug|Any CPU
		{490CDDC7-61E2-412E-8188-9AD9690ED37A}.Release|Any CPU.ActiveCfg = Release|Any CPU
		{490CDDC7-61E2-412E-8188-9AD9690ED37A}.Release|Any CPU.Build.0 = Release|Any CPU
		{65E651D2-E10A-4324-8BC5-0C9EC6861AD3}.Debug|Any CPU.ActiveCfg = Debug|Any CPU
		{65E651D2-E10A-4324-8BC5-0C9EC6861AD3}.Debug|Any CPU.Build.0 = Debug|Any CPU
		{65E651D2-E10A-4324-8BC5-0C9EC6861AD3}.Release|Any CPU.ActiveCfg = Release|Any CPU
		{65E651D2-E10A-4324-8BC5-0C9EC6861AD3}.Release|Any CPU.Build.0 = Release|Any CPU
		{678D49D9-2EC6-425E-BD3B-885DC0930854}.Debug|Any CPU.ActiveCfg = Debug|Any CPU
		{678D49D9-2EC6-425E-BD3B-885DC0930854}.Debug|Any CPU.Build.0 = Debug|Any CPU
		{678D49D9-2EC6-425E-BD3B-885DC0930854}.Release|Any CPU.ActiveCfg = Release|Any CPU
		{678D49D9-2EC6-425E-BD3B-885DC0930854}.Release|Any CPU.Build.0 = Release|Any CPU
		{39F8D61E-EE0B-422E-96A7-896A6358F04F}.Debug|Any CPU.ActiveCfg = Debug|Any CPU
		{39F8D61E-EE0B-422E-96A7-896A6358F04F}.Debug|Any CPU.Build.0 = Debug|Any CPU
		{39F8D61E-EE0B-422E-96A7-896A6358F04F}.Release|Any CPU.ActiveCfg = Release|Any CPU
		{39F8D61E-EE0B-422E-96A7-896A6358F04F}.Release|Any CPU.Build.0 = Release|Any CPU
		{84FDD1B6-23F4-42D4-BF19-13CC38729B01}.Debug|Any CPU.ActiveCfg = Debug|Any CPU
		{84FDD1B6-23F4-42D4-BF19-13CC38729B01}.Debug|Any CPU.Build.0 = Debug|Any CPU
		{84FDD1B6-23F4-42D4-BF19-13CC38729B01}.Release|Any CPU.ActiveCfg = Release|Any CPU
		{84FDD1B6-23F4-42D4-BF19-13CC38729B01}.Release|Any CPU.Build.0 = Release|Any CPU
		{E7B07DAA-3FC9-4C39-92D6-22E3CBC859F1}.Debug|Any CPU.ActiveCfg = Debug|Any CPU
		{E7B07DAA-3FC9-4C39-92D6-22E3CBC859F1}.Debug|Any CPU.Build.0 = Debug|Any CPU
		{E7B07DAA-3FC9-4C39-92D6-22E3CBC859F1}.Release|Any CPU.ActiveCfg = Release|Any CPU
		{E7B07DAA-3FC9-4C39-92D6-22E3CBC859F1}.Release|Any CPU.Build.0 = Release|Any CPU
		{896B90B1-21C6-40C7-8F76-8A709DDA4C35}.Debug|Any CPU.ActiveCfg = Debug|Any CPU
		{896B90B1-21C6-40C7-8F76-8A709DDA4C35}.Debug|Any CPU.Build.0 = Debug|Any CPU
		{896B90B1-21C6-40C7-8F76-8A709DDA4C35}.Release|Any CPU.ActiveCfg = Release|Any CPU
		{896B90B1-21C6-40C7-8F76-8A709DDA4C35}.Release|Any CPU.Build.0 = Release|Any CPU
		{89C20C48-02FF-42D5-9FD8-E1EEA88475A7}.Debug|Any CPU.ActiveCfg = Debug|Any CPU
		{89C20C48-02FF-42D5-9FD8-E1EEA88475A7}.Debug|Any CPU.Build.0 = Debug|Any CPU
		{89C20C48-02FF-42D5-9FD8-E1EEA88475A7}.Release|Any CPU.ActiveCfg = Release|Any CPU
		{89C20C48-02FF-42D5-9FD8-E1EEA88475A7}.Release|Any CPU.Build.0 = Release|Any CPU
		{7AF70221-7B28-460A-9D3A-B51D022C2C17}.Debug|Any CPU.ActiveCfg = Debug|Any CPU
		{7AF70221-7B28-460A-9D3A-B51D022C2C17}.Debug|Any CPU.Build.0 = Debug|Any CPU
		{7AF70221-7B28-460A-9D3A-B51D022C2C17}.Release|Any CPU.ActiveCfg = Release|Any CPU
		{7AF70221-7B28-460A-9D3A-B51D022C2C17}.Release|Any CPU.Build.0 = Release|Any CPU
	EndGlobalSection
	GlobalSection(SolutionProperties) = preSolution
		HideSolutionNode = FALSE
	EndGlobalSection
	GlobalSection(NestedProjects) = preSolution
		{70F1FBA3-62BB-44AA-B941-DC06BA533F67} = {85F70A23-C02F-4894-94BB-B9AA67B7813B}
		{490CDDC7-61E2-412E-8188-9AD9690ED37A} = {85F70A23-C02F-4894-94BB-B9AA67B7813B}
		{65E651D2-E10A-4324-8BC5-0C9EC6861AD3} = {85F70A23-C02F-4894-94BB-B9AA67B7813B}
		{678D49D9-2EC6-425E-BD3B-885DC0930854} = {85F70A23-C02F-4894-94BB-B9AA67B7813B}
		{39F8D61E-EE0B-422E-96A7-896A6358F04F} = {85F70A23-C02F-4894-94BB-B9AA67B7813B}
		{84FDD1B6-23F4-42D4-BF19-13CC38729B01} = {F3CBDAD3-D41A-4565-A8CA-5CFEC25BC467}
		{E7B07DAA-3FC9-4C39-92D6-22E3CBC859F1} = {85F70A23-C02F-4894-94BB-B9AA67B7813B}
		{896B90B1-21C6-40C7-8F76-8A709DDA4C35} = {85F70A23-C02F-4894-94BB-B9AA67B7813B}
		{89C20C48-02FF-42D5-9FD8-E1EEA88475A7} = {85F70A23-C02F-4894-94BB-B9AA67B7813B}
		{7AF70221-7B28-460A-9D3A-B51D022C2C17} = {85F70A23-C02F-4894-94BB-B9AA67B7813B}
	EndGlobalSection
	GlobalSection(ExtensibilityGlobals) = postSolution
		SolutionGuid = {B2FB47D2-1E99-425D-B4A2-9A746F1D3B7E}
	EndGlobalSection
EndGlobal
